
Microsoft Visual Studio Solution File, Format Version 12.00
# Visual Studio Version 16
VisualStudioVersion = 16.0.30114.105
MinimumVisualStudioVersion = 10.0.40219.1
Project("{FAE04EC0-301F-11D3-BF4B-00C04F79EFBC}") = "APP_MVC_GStore", "APP_MVC_GStore.csproj", "{5AD08F4E-8260-44C4-A1DD-BA5D4FBB1DF8}"
	ProjectSection(ProjectDependencies) = postProject
		{3865234D-1E5E-4F32-8C09-ABCEFDFDF958} = {3865234D-1E5E-4F32-8C09-ABCEFDFDF958}
	EndProjectSection
EndProject
Project("{FAE04EC0-301F-11D3-BF4B-00C04F79EFBC}") = "APP_MVC_ServicioWCF", "..\APP_MVC_ServicioWCF\APP_MVC_ServicioWCF.csproj", "{3865234D-1E5E-4F32-8C09-ABCEFDFDF958}"
EndProject
Project("{FAE04EC0-301F-11D3-BF4B-00C04F79EFBC}") = "APP_MVC_Datos", "..\APP_MVC_Datos\APP_MVC_Datos.csproj", "{47ACF5F8-3D7E-429E-93B1-9C55436FD914}"
EndProject
Global
	GlobalSection(SolutionConfigurationPlatforms) = preSolution
		Debug|Any CPU = Debug|Any CPU
		Release|Any CPU = Release|Any CPU
	EndGlobalSection
	GlobalSection(ProjectConfigurationPlatforms) = postSolution
		{5AD08F4E-8260-44C4-A1DD-BA5D4FBB1DF8}.Debug|Any CPU.ActiveCfg = Debug|Any CPU
		{5AD08F4E-8260-44C4-A1DD-BA5D4FBB1DF8}.Debug|Any CPU.Build.0 = Debug|Any CPU
		{5AD08F4E-8260-44C4-A1DD-BA5D4FBB1DF8}.Release|Any CPU.ActiveCfg = Release|Any CPU
		{5AD08F4E-8260-44C4-A1DD-BA5D4FBB1DF8}.Release|Any CPU.Build.0 = Release|Any CPU
		{3865234D-1E5E-4F32-8C09-ABCEFDFDF958}.Debug|Any CPU.ActiveCfg = Debug|Any CPU
		{3865234D-1E5E-4F32-8C09-ABCEFDFDF958}.Debug|Any CPU.Build.0 = Debug|Any CPU
		{3865234D-1E5E-4F32-8C09-ABCEFDFDF958}.Release|Any CPU.ActiveCfg = Release|Any CPU
		{3865234D-1E5E-4F32-8C09-ABCEFDFDF958}.Release|Any CPU.Build.0 = Release|Any CPU
		{47ACF5F8-3D7E-429E-93B1-9C55436FD914}.Debug|Any CPU.ActiveCfg = Debug|Any CPU
		{47ACF5F8-3D7E-429E-93B1-9C55436FD914}.Debug|Any CPU.Build.0 = Debug|Any CPU
		{47ACF5F8-3D7E-429E-93B1-9C55436FD914}.Release|Any CPU.ActiveCfg = Release|Any CPU
		{47ACF5F8-3D7E-429E-93B1-9C55436FD914}.Release|Any CPU.Build.0 = Release|Any CPU
	EndGlobalSection
	GlobalSection(SolutionProperties) = preSolution
		HideSolutionNode = FALSE
	EndGlobalSection
	GlobalSection(ExtensibilityGlobals) = postSolution
		SolutionGuid = {D7AF741B-2536-4BBD-BF5D-91B61B3D1ABE}
	EndGlobalSection
EndGlobal
